
Microsoft Visual Studio Solution File, Format Version 12.00
# Visual Studio 15
VisualStudioVersion = 15.0.26009.0
MinimumVisualStudioVersion = 10.0.40219.1
Project("{262852C6-CD72-467D-83FE-5EEB1973A190}") = "Myapp", "Myapp\Myapp.jsproj", "{A6ABCD28-9EAD-4B70-B03B-B887E998A61B}"
EndProject
Global
	GlobalSection(SolutionConfigurationPlatforms) = preSolution
		Debug|Android = Debug|Android
		Debug|Any CPU = Debug|Any CPU
		Debug|iOS = Debug|iOS
		Debug|Windows-ARM = Debug|Windows-ARM
		Debug|Windows-x64 = Debug|Windows-x64
		Debug|Windows-x86 = Debug|Windows-x86
		Release|Android = Release|Android
		Release|Any CPU = Release|Any CPU
		Release|iOS = Release|iOS
		Release|Windows-ARM = Release|Windows-ARM
		Release|Windows-x64 = Release|Windows-x64
		Release|Windows-x86 = Release|Windows-x86
	EndGlobalSection
	GlobalSection(ProjectConfigurationPlatforms) = postSolution
		{A6ABCD28-9EAD-4B70-B03B-B887E998A61B}.Debug|Android.ActiveCfg = Debug|Android
		{A6ABCD28-9EAD-4B70-B03B-B887E998A61B}.Debug|Android.Build.0 = Debug|Android
		{A6ABCD28-9EAD-4B70-B03B-B887E998A61B}.Debug|Android.Deploy.0 = Debug|Android
		{A6ABCD28-9EAD-4B70-B03B-B887E998A61B}.Debug|Any CPU.ActiveCfg = Debug|Android
		{A6ABCD28-9EAD-4B70-B03B-B887E998A61B}.Debug|iOS.ActiveCfg = Debug|iOS
		{A6ABCD28-9EAD-4B70-B03B-B887E998A61B}.Debug|iOS.Build.0 = Debug|iOS
		{A6ABCD28-9EAD-4B70-B03B-B887E998A61B}.Debug|iOS.Deploy.0 = Debug|iOS
		{A6ABCD28-9EAD-4B70-B03B-B887E998A61B}.Debug|Windows-ARM.ActiveCfg = Debug|Windows-ARM
		{A6ABCD28-9EAD-4B70-B03B-B887E998A61B}.Debug|Windows-ARM.Build.0 = Debug|Windows-ARM
		{A6ABCD28-9EAD-4B70-B03B-B887E998A61B}.Debug|Windows-ARM.Deploy.0 = Debug|Windows-ARM
		{A6ABCD28-9EAD-4B70-B03B-B887E998A61B}.Debug|Windows-x64.ActiveCfg = Debug|Windows-x64
		{A6ABCD28-9EAD-4B70-B03B-B887E998A61B}.Debug|Windows-x64.Build.0 = Debug|Windows-x64
		{A6ABCD28-9EAD-4B70-B03B-B887E998A61B}.Debug|Windows-x64.Deploy.0 = Debug|Windows-x64
		{A6ABCD28-9EAD-4B70-B03B-B887E998A61B}.Debug|Windows-x86.ActiveCfg = Debug|Windows-x86
		{A6ABCD28-9EAD-4B70-B03B-B887E998A61B}.Debug|Windows-x86.Build.0 = Debug|Windows-x86
		{A6ABCD28-9EAD-4B70-B03B-B887E998A61B}.Debug|Windows-x86.Deploy.0 = Debug|Windows-x86
		{A6ABCD28-9EAD-4B70-B03B-B887E998A61B}.Release|Android.ActiveCfg = Release|Android
		{A6ABCD28-9EAD-4B70-B03B-B887E998A61B}.Release|Android.Build.0 = Release|Android
		{A6ABCD28-9EAD-4B70-B03B-B887E998A61B}.Release|Android.Deploy.0 = Release|Android
		{A6ABCD28-9EAD-4B70-B03B-B887E998A61B}.Release|Any CPU.ActiveCfg = Release|Android
		{A6ABCD28-9EAD-4B70-B03B-B887E998A61B}.Release|iOS.ActiveCfg = Release|iOS
		{A6ABCD28-9EAD-4B70-B03B-B887E998A61B}.Release|iOS.Build.0 = Release|iOS
		{A6ABCD28-9EAD-4B70-B03B-B887E998A61B}.Release|iOS.Deploy.0 = Release|iOS
		{A6ABCD28-9EAD-4B70-B03B-B887E998A61B}.Release|Windows-ARM.ActiveCfg = Release|Windows-ARM
		{A6ABCD28-9EAD-4B70-B03B-B887E998A61B}.Release|Windows-ARM.Build.0 = Release|Windows-ARM
		{A6ABCD28-9EAD-4B70-B03B-B887E998A61B}.Release|Windows-ARM.Deploy.0 = Release|Windows-ARM
		{A6ABCD28-9EAD-4B70-B03B-B887E998A61B}.Release|Windows-x64.ActiveCfg = Release|Windows-x64
		{A6ABCD28-9EAD-4B70-B03B-B887E998A61B}.Release|Windows-x64.Build.0 = Release|Windows-x64
		{A6ABCD28-9EAD-4B70-B03B-B887E998A61B}.Release|Windows-x64.Deploy.0 = Release|Windows-x64
		{A6ABCD28-9EAD-4B70-B03B-B887E998A61B}.Release|Windows-x86.ActiveCfg = Release|Windows-x86
		{A6ABCD28-9EAD-4B70-B03B-B887E998A61B}.Release|Windows-x86.Build.0 = Release|Windows-x86
		{A6ABCD28-9EAD-4B70-B03B-B887E998A61B}.Release|Windows-x86.Deploy.0 = Release|Windows-x86
	EndGlobalSection
	GlobalSection(SolutionProperties) = preSolution
		HideSolutionNode = FALSE
	EndGlobalSection
EndGlobal
